// !$*UTF8*$!
{
	archiveVersion = 1;
	classes = {
	};
	objectVersion = 77;
	objects = {

/* Begin PBXBuildFile section */
		09D710A02D6838110073C4B6 /* .gitignore in Resources */ = {isa = PBXBuildFile; fileRef = 09D7109F2D6838060073C4B6 /* .gitignore */; };
		09E648972D5DA8FB00B5502F /* .swiftlint.yml in Resources */ = {isa = PBXBuildFile; fileRef = 09E648962D5DA8E800B5502F /* .swiftlint.yml */; };
		09E6489A2D5DAF4400B5502F /* .swiftformat.yml in Resources */ = {isa = PBXBuildFile; fileRef = 09E648992D5DAF3500B5502F /* .swiftformat.yml */; };
/* End PBXBuildFile section */

/* Begin PBXContainerItemProxy section */
		09E648772D5DA3A100B5502F /* PBXContainerItemProxy */ = {
			isa = PBXContainerItemProxy;
			containerPortal = 09E6485E2D5DA3A000B5502F /* Project object */;
			proxyType = 1;
			remoteGlobalIDString = 09E648652D5DA3A000B5502F;
			remoteInfo = MoodNote;
		};
		09E648812D5DA3A100B5502F /* PBXContainerItemProxy */ = {
			isa = PBXContainerItemProxy;
			containerPortal = 09E6485E2D5DA3A000B5502F /* Project object */;
			proxyType = 1;
			remoteGlobalIDString = 09E648652D5DA3A000B5502F;
			remoteInfo = MoodNote;
		};
/* End PBXContainerItemProxy section */

/* Begin PBXFileReference section */
		09D7109F2D6838060073C4B6 /* .gitignore */ = {isa = PBXFileReference; lastKnownFileType = text; path = .gitignore; sourceTree = "<group>"; };
		09E648662D5DA3A000B5502F /* MoodNote.app */ = {isa = PBXFileReference; explicitFileType = wrapper.application; includeInIndex = 0; path = MoodNote.app; sourceTree = BUILT_PRODUCTS_DIR; };
		09E648762D5DA3A100B5502F /* MoodNoteTests.xctest */ = {isa = PBXFileReference; explicitFileType = wrapper.cfbundle; includeInIndex = 0; path = MoodNoteTests.xctest; sourceTree = BUILT_PRODUCTS_DIR; };
		09E648802D5DA3A100B5502F /* MoodNoteUITests.xctest */ = {isa = PBXFileReference; explicitFileType = wrapper.cfbundle; includeInIndex = 0; path = MoodNoteUITests.xctest; sourceTree = BUILT_PRODUCTS_DIR; };
		09E648962D5DA8E800B5502F /* .swiftlint.yml */ = {isa = PBXFileReference; lastKnownFileType = text.yaml; path = .swiftlint.yml; sourceTree = "<group>"; };
		09E648992D5DAF3500B5502F /* .swiftformat.yml */ = {isa = PBXFileReference; lastKnownFileType = text.yaml; path = .swiftformat.yml; sourceTree = "<group>"; };
/* End PBXFileReference section */

/* Begin PBXFileSystemSynchronizedRootGroup section */
		09E648682D5DA3A000B5502F /* MoodNote */ = {
			isa = PBXFileSystemSynchronizedRootGroup;
			path = MoodNote;
			sourceTree = "<group>";
		};
		09E648792D5DA3A100B5502F /* MoodNoteTests */ = {
			isa = PBXFileSystemSynchronizedRootGroup;
			path = MoodNoteTests;
			sourceTree = "<group>";
		};
		09E648832D5DA3A100B5502F /* MoodNoteUITests */ = {
			isa = PBXFileSystemSynchronizedRootGroup;
			path = MoodNoteUITests;
			sourceTree = "<group>";
		};
/* End PBXFileSystemSynchronizedRootGroup section */

/* Begin PBXFrameworksBuildPhase section */
		09E648632D5DA3A000B5502F /* Frameworks */ = {
			isa = PBXFrameworksBuildPhase;
			buildActionMask = 2147483647;
			files = (
			);
			runOnlyForDeploymentPostprocessing = 0;
		};
		09E648732D5DA3A100B5502F /* Frameworks */ = {
			isa = PBXFrameworksBuildPhase;
			buildActionMask = 2147483647;
			files = (
			);
			runOnlyForDeploymentPostprocessing = 0;
		};
		09E6487D2D5DA3A100B5502F /* Frameworks */ = {
			isa = PBXFrameworksBuildPhase;
			buildActionMask = 2147483647;
			files = (
			);
			runOnlyForDeploymentPostprocessing = 0;
		};
/* End PBXFrameworksBuildPhase section */

/* Begin PBXGroup section */
		09E6485D2D5DA3A000B5502F = {
			isa = PBXGroup;
			children = (
				09D7109F2D6838060073C4B6 /* .gitignore */,
				09E648992D5DAF3500B5502F /* .swiftformat.yml */,
				09E648962D5DA8E800B5502F /* .swiftlint.yml */,
				09E648682D5DA3A000B5502F /* MoodNote */,
				09E648792D5DA3A100B5502F /* MoodNoteTests */,
				09E648832D5DA3A100B5502F /* MoodNoteUITests */,
				09E648672D5DA3A000B5502F /* Products */,
			);
			sourceTree = "<group>";
		};
		09E648672D5DA3A000B5502F /* Products */ = {
			isa = PBXGroup;
			children = (
				09E648662D5DA3A000B5502F /* MoodNote.app */,
				09E648762D5DA3A100B5502F /* MoodNoteTests.xctest */,
				09E648802D5DA3A100B5502F /* MoodNoteUITests.xctest */,
			);
			name = Products;
			sourceTree = "<group>";
		};
/* End PBXGroup section */

/* Begin PBXNativeTarget section */
		09E648652D5DA3A000B5502F /* MoodNote */ = {
			isa = PBXNativeTarget;
			buildConfigurationList = 09E6488A2D5DA3A100B5502F /* Build configuration list for PBXNativeTarget "MoodNote" */;
			buildPhases = (
				09E648982D5DAB2300B5502F /* ShellScript */,
				09E6489B2D5DAF8F00B5502F /* ShellScript */,
				09E648622D5DA3A000B5502F /* Sources */,
				09E648632D5DA3A000B5502F /* Frameworks */,
				09E648642D5DA3A000B5502F /* Resources */,
			);
			buildRules = (
			);
			dependencies = (
			);
			fileSystemSynchronizedGroups = (
				09E648682D5DA3A000B5502F /* MoodNote */,
			);
			name = MoodNote;
			packageProductDependencies = (
			);
			productName = MoodNote;
			productReference = 09E648662D5DA3A000B5502F /* MoodNote.app */;
			productType = "com.apple.product-type.application";
		};
		09E648752D5DA3A100B5502F /* MoodNoteTests */ = {
			isa = PBXNativeTarget;
			buildConfigurationList = 09E6488D2D5DA3A100B5502F /* Build configuration list for PBXNativeTarget "MoodNoteTests" */;
			buildPhases = (
				09E648722D5DA3A100B5502F /* Sources */,
				09E648732D5DA3A100B5502F /* Frameworks */,
				09E648742D5DA3A100B5502F /* Resources */,
			);
			buildRules = (
			);
			dependencies = (
				09E648782D5DA3A100B5502F /* PBXTargetDependency */,
			);
			fileSystemSynchronizedGroups = (
				09E648792D5DA3A100B5502F /* MoodNoteTests */,
			);
			name = MoodNoteTests;
			packageProductDependencies = (
			);
			productName = MoodNoteTests;
			productReference = 09E648762D5DA3A100B5502F /* MoodNoteTests.xctest */;
			productType = "com.apple.product-type.bundle.unit-test";
		};
		09E6487F2D5DA3A100B5502F /* MoodNoteUITests */ = {
			isa = PBXNativeTarget;
			buildConfigurationList = 09E648902D5DA3A100B5502F /* Build configuration list for PBXNativeTarget "MoodNoteUITests" */;
			buildPhases = (
				09E6487C2D5DA3A100B5502F /* Sources */,
				09E6487D2D5DA3A100B5502F /* Frameworks */,
				09E6487E2D5DA3A100B5502F /* Resources */,
			);
			buildRules = (
			);
			dependencies = (
				09E648822D5DA3A100B5502F /* PBXTargetDependency */,
			);
			fileSystemSynchronizedGroups = (
				09E648832D5DA3A100B5502F /* MoodNoteUITests */,
			);
			name = MoodNoteUITests;
			packageProductDependencies = (
			);
			productName = MoodNoteUITests;
			productReference = 09E648802D5DA3A100B5502F /* MoodNoteUITests.xctest */;
			productType = "com.apple.product-type.bundle.ui-testing";
		};
/* End PBXNativeTarget section */

/* Begin PBXProject section */
		09E6485E2D5DA3A000B5502F /* Project object */ = {
			isa = PBXProject;
			attributes = {
				BuildIndependentTargetsInParallel = 1;
				LastSwiftUpdateCheck = 1620;
				LastUpgradeCheck = 1620;
				TargetAttributes = {
					09E648652D5DA3A000B5502F = {
						CreatedOnToolsVersion = 16.2;
					};
					09E648752D5DA3A100B5502F = {
						CreatedOnToolsVersion = 16.2;
						TestTargetID = 09E648652D5DA3A000B5502F;
					};
					09E6487F2D5DA3A100B5502F = {
						CreatedOnToolsVersion = 16.2;
						TestTargetID = 09E648652D5DA3A000B5502F;
					};
				};
			};
			buildConfigurationList = 09E648612D5DA3A000B5502F /* Build configuration list for PBXProject "MoodNote" */;
			developmentRegion = en;
			hasScannedForEncodings = 0;
			knownRegions = (
				en,
				Base,
			);
			mainGroup = 09E6485D2D5DA3A000B5502F;
			minimizedProjectReferenceProxies = 1;
			preferredProjectObjectVersion = 77;
			productRefGroup = 09E648672D5DA3A000B5502F /* Products */;
			projectDirPath = "";
			projectRoot = "";
			targets = (
				09E648652D5DA3A000B5502F /* MoodNote */,
				09E648752D5DA3A100B5502F /* MoodNoteTests */,
				09E6487F2D5DA3A100B5502F /* MoodNoteUITests */,
			);
		};
/* End PBXProject section */

/* Begin PBXResourcesBuildPhase section */
		09E648642D5DA3A000B5502F /* Resources */ = {
			isa = PBXResourcesBuildPhase;
			buildActionMask = 2147483647;
			files = (
				09D710A02D6838110073C4B6 /* .gitignore in Resources */,
				09E6489A2D5DAF4400B5502F /* .swiftformat.yml in Resources */,
				09E648972D5DA8FB00B5502F /* .swiftlint.yml in Resources */,
			);
			runOnlyForDeploymentPostprocessing = 0;
		};
		09E648742D5DA3A100B5502F /* Resources */ = {
			isa = PBXResourcesBuildPhase;
			buildActionMask = 2147483647;
			files = (
			);
			runOnlyForDeploymentPostprocessing = 0;
		};
		09E6487E2D5DA3A100B5502F /* Resources */ = {
			isa = PBXResourcesBuildPhase;
			buildActionMask = 2147483647;
			files = (
			);
			runOnlyForDeploymentPostprocessing = 0;
		};
/* End PBXResourcesBuildPhase section */

/* Begin PBXShellScriptBuildPhase section */
		09E648982D5DAB2300B5502F /* ShellScript */ = {
			isa = PBXShellScriptBuildPhase;
			buildActionMask = 2147483647;
			files = (
			);
			inputFileListPaths = (
			);
			inputPaths = (
			);
			outputFileListPaths = (
			);
			outputPaths = (
			);
			runOnlyForDeploymentPostprocessing = 0;
			shellPath = /bin/sh;
			shellScript = "# Type a script or drag a script file from your workspace to insert its path.\nif which swiftlint >/dev/null; then\n  swiftlint --fix && swiftlint\nelse\n  echo \"warning: SwiftLint not installed, download from https://github.com/realm/SwiftLint\"\nfi\n";
		};
		09E6489B2D5DAF8F00B5502F /* ShellScript */ = {
			isa = PBXShellScriptBuildPhase;
			buildActionMask = 2147483647;
			files = (
			);
			inputFileListPaths = (
			);
			inputPaths = (
			);
			outputFileListPaths = (
			);
			outputPaths = (
			);
			runOnlyForDeploymentPostprocessing = 0;
			shellPath = /bin/sh;
			shellScript = "# Type a script or drag a script file from your workspace to insert its path.\nif which swiftformat > /dev/null; then\n  swiftformat .\nelse\n  echo \"warning: SwiftFormat not installed, download from https://github.com/nicklockwood/SwiftFormat\"\nfi\n";
		};
/* End PBXShellScriptBuildPhase section */

/* Begin PBXSourcesBuildPhase section */
		09E648622D5DA3A000B5502F /* Sources */ = {
			isa = PBXSourcesBuildPhase;
			buildActionMask = 2147483647;
			files = (
			);
			runOnlyForDeploymentPostprocessing = 0;
		};
		09E648722D5DA3A100B5502F /* Sources */ = {
			isa = PBXSourcesBuildPhase;
			buildActionMask = 2147483647;
			files = (
			);
			runOnlyForDeploymentPostprocessing = 0;
		};
		09E6487C2D5DA3A100B5502F /* Sources */ = {
			isa = PBXSourcesBuildPhase;
			buildActionMask = 2147483647;
			files = (
			);
			runOnlyForDeploymentPostprocessing = 0;
		};
/* End PBXSourcesBuildPhase section */

/* Begin PBXTargetDependency section */
		09E648782D5DA3A100B5502F /* PBXTargetDependency */ = {
			isa = PBXTargetDependency;
			target = 09E648652D5DA3A000B5502F /* MoodNote */;
			targetProxy = 09E648772D5DA3A100B5502F /* PBXContainerItemProxy */;
		};
		09E648822D5DA3A100B5502F /* PBXTargetDependency */ = {
			isa = PBXTargetDependency;
			target = 09E648652D5DA3A000B5502F /* MoodNote */;
			targetProxy = 09E648812D5DA3A100B5502F /* PBXContainerItemProxy */;
		};
/* End PBXTargetDependency section */

/* Begin XCBuildConfiguration section */
		09E648882D5DA3A100B5502F /* Debug */ = {
			isa = XCBuildConfiguration;
			buildSettings = {
				ALWAYS_SEARCH_USER_PATHS = NO;
				ASSETCATALOG_COMPILER_GENERATE_SWIFT_ASSET_SYMBOL_EXTENSIONS = YES;
				CLANG_ANALYZER_NONNULL = YES;
				CLANG_ANALYZER_NUMBER_OBJECT_CONVERSION = YES_AGGRESSIVE;
				CLANG_CXX_LANGUAGE_STANDARD = "gnu++20";
				CLANG_ENABLE_MODULES = YES;
				CLANG_ENABLE_OBJC_ARC = YES;
				CLANG_ENABLE_OBJC_WEAK = YES;
				CLANG_WARN_BLOCK_CAPTURE_AUTORELEASING = YES;
				CLANG_WARN_BOOL_CONVERSION = YES;
				CLANG_WARN_COMMA = YES;
				CLANG_WARN_CONSTANT_CONVERSION = YES;
				CLANG_WARN_DEPRECATED_OBJC_IMPLEMENTATIONS = YES;
				CLANG_WARN_DIRECT_OBJC_ISA_USAGE = YES_ERROR;
				CLANG_WARN_DOCUMENTATION_COMMENTS = YES;
				CLANG_WARN_EMPTY_BODY = YES;
				CLANG_WARN_ENUM_CONVERSION = YES;
				CLANG_WARN_INFINITE_RECURSION = YES;
				CLANG_WARN_INT_CONVERSION = YES;
				CLANG_WARN_NON_LITERAL_NULL_CONVERSION = YES;
				CLANG_WARN_OBJC_IMPLICIT_RETAIN_SELF = YES;
				CLANG_WARN_OBJC_LITERAL_CONVERSION = YES;
				CLANG_WARN_OBJC_ROOT_CLASS = YES_ERROR;
				CLANG_WARN_QUOTED_INCLUDE_IN_FRAMEWORK_HEADER = YES;
				CLANG_WARN_RANGE_LOOP_ANALYSIS = YES;
				CLANG_WARN_STRICT_PROTOTYPES = YES;
				CLANG_WARN_SUSPICIOUS_MOVE = YES;
				CLANG_WARN_UNGUARDED_AVAILABILITY = YES_AGGRESSIVE;
				CLANG_WARN_UNREACHABLE_CODE = YES;
				CLANG_WARN__DUPLICATE_METHOD_MATCH = YES;
				COPY_PHASE_STRIP = NO;
				DEBUG_INFORMATION_FORMAT = dwarf;
				ENABLE_STRICT_OBJC_MSGSEND = YES;
				ENABLE_TESTABILITY = YES;
				ENABLE_USER_SCRIPT_SANDBOXING = YES;
				GCC_C_LANGUAGE_STANDARD = gnu17;
				GCC_DYNAMIC_NO_PIC = NO;
				GCC_NO_COMMON_BLOCKS = YES;
				GCC_OPTIMIZATION_LEVEL = 0;
				GCC_PREPROCESSOR_DEFINITIONS = (
					"DEBUG=1",
					"$(inherited)",
				);
				GCC_WARN_64_TO_32_BIT_CONVERSION = YES;
				GCC_WARN_ABOUT_RETURN_TYPE = YES_ERROR;
				GCC_WARN_UNDECLARED_SELECTOR = YES;
				GCC_WARN_UNINITIALIZED_AUTOS = YES_AGGRESSIVE;
				GCC_WARN_UNUSED_FUNCTION = YES;
				GCC_WARN_UNUSED_VARIABLE = YES;
				IPHONEOS_DEPLOYMENT_TARGET = 18.2;
				LOCALIZATION_PREFERS_STRING_CATALOGS = YES;
				MTL_ENABLE_DEBUG_INFO = INCLUDE_SOURCE;
				MTL_FAST_MATH = YES;
				ONLY_ACTIVE_ARCH = YES;
				SDKROOT = iphoneos;
				SWIFT_ACTIVE_COMPILATION_CONDITIONS = "DEBUG $(inherited)";
				SWIFT_OPTIMIZATION_LEVEL = "-Onone";
			};
			name = Debug;
		};
		09E648892D5DA3A100B5502F /* Release */ = {
			isa = XCBuildConfiguration;
			buildSettings = {
				ALWAYS_SEARCH_USER_PATHS = NO;
				ASSETCATALOG_COMPILER_GENERATE_SWIFT_ASSET_SYMBOL_EXTENSIONS = YES;
				CLANG_ANALYZER_NONNULL = YES;
				CLANG_ANALYZER_NUMBER_OBJECT_CONVERSION = YES_AGGRESSIVE;
				CLANG_CXX_LANGUAGE_STANDARD = "gnu++20";
				CLANG_ENABLE_MODULES = YES;
				CLANG_ENABLE_OBJC_ARC = YES;
				CLANG_ENABLE_OBJC_WEAK = YES;
				CLANG_WARN_BLOCK_CAPTURE_AUTORELEASING = YES;
				CLANG_WARN_BOOL_CONVERSION = YES;
				CLANG_WARN_COMMA = YES;
				CLANG_WARN_CONSTANT_CONVERSION = YES;
				CLANG_WARN_DEPRECATED_OBJC_IMPLEMENTATIONS = YES;
				CLANG_WARN_DIRECT_OBJC_ISA_USAGE = YES_ERROR;
				CLANG_WARN_DOCUMENTATION_COMMENTS = YES;
				CLANG_WARN_EMPTY_BODY = YES;
				CLANG_WARN_ENUM_CONVERSION = YES;
				CLANG_WARN_INFINITE_RECURSION = YES;
				CLANG_WARN_INT_CONVERSION = YES;
				CLANG_WARN_NON_LITERAL_NULL_CONVERSION = YES;
				CLANG_WARN_OBJC_IMPLICIT_RETAIN_SELF = YES;
				CLANG_WARN_OBJC_LITERAL_CONVERSION = YES;
				CLANG_WARN_OBJC_ROOT_CLASS = YES_ERROR;
				CLANG_WARN_QUOTED_INCLUDE_IN_FRAMEWORK_HEADER = YES;
				CLANG_WARN_RANGE_LOOP_ANALYSIS = YES;
				CLANG_WARN_STRICT_PROTOTYPES = YES;
				CLANG_WARN_SUSPICIOUS_MOVE = YES;
				CLANG_WARN_UNGUARDED_AVAILABILITY = YES_AGGRESSIVE;
				CLANG_WARN_UNREACHABLE_CODE = YES;
				CLANG_WARN__DUPLICATE_METHOD_MATCH = YES;
				COPY_PHASE_STRIP = NO;
				DEBUG_INFORMATION_FORMAT = "dwarf-with-dsym";
				ENABLE_NS_ASSERTIONS = NO;
				ENABLE_STRICT_OBJC_MSGSEND = YES;
				ENABLE_USER_SCRIPT_SANDBOXING = YES;
				GCC_C_LANGUAGE_STANDARD = gnu17;
				GCC_NO_COMMON_BLOCKS = YES;
				GCC_WARN_64_TO_32_BIT_CONVERSION = YES;
				GCC_WARN_ABOUT_RETURN_TYPE = YES_ERROR;
				GCC_WARN_UNDECLARED_SELECTOR = YES;
				GCC_WARN_UNINITIALIZED_AUTOS = YES_AGGRESSIVE;
				GCC_WARN_UNUSED_FUNCTION = YES;
				GCC_WARN_UNUSED_VARIABLE = YES;
				IPHONEOS_DEPLOYMENT_TARGET = 18.2;
				LOCALIZATION_PREFERS_STRING_CATALOGS = YES;
				MTL_ENABLE_DEBUG_INFO = NO;
				MTL_FAST_MATH = YES;
				SDKROOT = iphoneos;
				SWIFT_COMPILATION_MODE = wholemodule;
				VALIDATE_PRODUCT = YES;
			};
			name = Release;
		};
		09E6488B2D5DA3A100B5502F /* Debug */ = {
			isa = XCBuildConfiguration;
			buildSettings = {
				ASSETCATALOG_COMPILER_APPICON_NAME = AppIcon;
				ASSETCATALOG_COMPILER_GLOBAL_ACCENT_COLOR_NAME = AccentColor;
				CODE_SIGN_STYLE = Automatic;
				CURRENT_PROJECT_VERSION = 1;
				DEVELOPMENT_ASSET_PATHS = "\"MoodNote/Preview Content\"";
				ENABLE_PREVIEWS = YES;
				GENERATE_INFOPLIST_FILE = YES;
				INFOPLIST_KEY_UIApplicationSceneManifest_Generation = YES;
				INFOPLIST_KEY_UIApplicationSupportsIndirectInputEvents = YES;
				INFOPLIST_KEY_UILaunchScreen_Generation = YES;
				INFOPLIST_KEY_UISupportedInterfaceOrientations_iPad = "UIInterfaceOrientationPortrait UIInterfaceOrientationPortraitUpsideDown UIInterfaceOrientationLandscapeLeft UIInterfaceOrientationLandscapeRight";
				INFOPLIST_KEY_UISupportedInterfaceOrientations_iPhone = "UIInterfaceOrientationPortrait UIInterfaceOrientationLandscapeLeft UIInterfaceOrientationLandscapeRight";
				LD_RUNPATH_SEARCH_PATHS = (
					"$(inherited)",
					"@executable_path/Frameworks",
				);
				MARKETING_VERSION = 1.0;
				PRODUCT_BUNDLE_IDENTIFIER = com.ycreal.MoodNote;
				PRODUCT_NAME = "$(TARGET_NAME)";
				SWIFT_EMIT_LOC_STRINGS = YES;
				SWIFT_VERSION = 5.0;
				TARGETED_DEVICE_FAMILY = "1,2";
			};
			name = Debug;
		};
		09E6488C2D5DA3A100B5502F /* Release */ = {
			isa = XCBuildConfiguration;
			buildSettings = {
				ASSETCATALOG_COMPILER_APPICON_NAME = AppIcon;
				ASSETCATALOG_COMPILER_GLOBAL_ACCENT_COLOR_NAME = AccentColor;
				CODE_SIGN_STYLE = Automatic;
				CURRENT_PROJECT_VERSION = 1;
				DEVELOPMENT_ASSET_PATHS = "\"MoodNote/Preview Content\"";
				ENABLE_PREVIEWS = YES;
				GENERATE_INFOPLIST_FILE = YES;
				INFOPLIST_KEY_UIApplicationSceneManifest_Generation = YES;
				INFOPLIST_KEY_UIApplicationSupportsIndirectInputEvents = YES;
				INFOPLIST_KEY_UILaunchScreen_Generation = YES;
				INFOPLIST_KEY_UISupportedInterfaceOrientations_iPad = "UIInterfaceOrientationPortrait UIInterfaceOrientationPortraitUpsideDown UIInterfaceOrientationLandscapeLeft UIInterfaceOrientationLandscapeRight";
				INFOPLIST_KEY_UISupportedInterfaceOrientations_iPhone = "UIInterfaceOrientationPortrait UIInterfaceOrientationLandscapeLeft UIInterfaceOrientationLandscapeRight";
				LD_RUNPATH_SEARCH_PATHS = (
					"$(inherited)",
					"@executable_path/Frameworks",
				);
				MARKETING_VERSION = 1.0;
				PRODUCT_BUNDLE_IDENTIFIER = com.ycreal.MoodNote;
				PRODUCT_NAME = "$(TARGET_NAME)";
				SWIFT_EMIT_LOC_STRINGS = YES;
				SWIFT_VERSION = 5.0;
				TARGETED_DEVICE_FAMILY = "1,2";
			};
			name = Release;
		};
		09E6488E2D5DA3A100B5502F /* Debug */ = {
			isa = XCBuildConfiguration;
			buildSettings = {
				BUNDLE_LOADER = "$(TEST_HOST)";
				CODE_SIGN_STYLE = Automatic;
				CURRENT_PROJECT_VERSION = 1;
				GENERATE_INFOPLIST_FILE = YES;
				IPHONEOS_DEPLOYMENT_TARGET = 18.2;
				MARKETING_VERSION = 1.0;
				PRODUCT_BUNDLE_IDENTIFIER = com.ycreal.MoodNoteTests;
				PRODUCT_NAME = "$(TARGET_NAME)";
				SWIFT_EMIT_LOC_STRINGS = NO;
				SWIFT_VERSION = 5.0;
				TARGETED_DEVICE_FAMILY = "1,2";
				TEST_HOST = "$(BUILT_PRODUCTS_DIR)/MoodNote.app/$(BUNDLE_EXECUTABLE_FOLDER_PATH)/MoodNote";
			};
			name = Debug;
		};
		09E6488F2D5DA3A100B5502F /* Release */ = {
			isa = XCBuildConfiguration;
			buildSettings = {
				BUNDLE_LOADER = "$(TEST_HOST)";
				CODE_SIGN_STYLE = Automatic;
				CURRENT_PROJECT_VERSION = 1;
				GENERATE_INFOPLIST_FILE = YES;
				IPHONEOS_DEPLOYMENT_TARGET = 18.2;
				MARKETING_VERSION = 1.0;
				PRODUCT_BUNDLE_IDENTIFIER = com.ycreal.MoodNoteTests;
				PRODUCT_NAME = "$(TARGET_NAME)";
				SWIFT_EMIT_LOC_STRINGS = NO;
				SWIFT_VERSION = 5.0;
				TARGETED_DEVICE_FAMILY = "1,2";
				TEST_HOST = "$(BUILT_PRODUCTS_DIR)/MoodNote.app/$(BUNDLE_EXECUTABLE_FOLDER_PATH)/MoodNote";
			};
			name = Release;
		};
		09E648912D5DA3A100B5502F /* Debug */ = {
			isa = XCBuildConfiguration;
			buildSettings = {
				CODE_SIGN_STYLE = Automatic;
				CURRENT_PROJECT_VERSION = 1;
				GENERATE_INFOPLIST_FILE = YES;
				MARKETING_VERSION = 1.0;
				PRODUCT_BUNDLE_IDENTIFIER = com.ycreal.MoodNoteUITests;
				PRODUCT_NAME = "$(TARGET_NAME)";
				SWIFT_EMIT_LOC_STRINGS = NO;
				SWIFT_VERSION = 5.0;
				TARGETED_DEVICE_FAMILY = "1,2";
				TEST_TARGET_NAME = MoodNote;
			};
			name = Debug;
		};
		09E648922D5DA3A100B5502F /* Release */ = {
			isa = XCBuildConfiguration;
			buildSettings = {
				CODE_SIGN_STYLE = Automatic;
				CURRENT_PROJECT_VERSION = 1;
				GENERATE_INFOPLIST_FILE = YES;
				MARKETING_VERSION = 1.0;
				PRODUCT_BUNDLE_IDENTIFIER = com.ycreal.MoodNoteUITests;
				PRODUCT_NAME = "$(TARGET_NAME)";
				SWIFT_EMIT_LOC_STRINGS = NO;
				SWIFT_VERSION = 5.0;
				TARGETED_DEVICE_FAMILY = "1,2";
				TEST_TARGET_NAME = MoodNote;
			};
			name = Release;
		};
/* End XCBuildConfiguration section */

/* Begin XCConfigurationList section */
		09E648612D5DA3A000B5502F /* Build configuration list for PBXProject "MoodNote" */ = {
			isa = XCConfigurationList;
			buildConfigurations = (
				09E648882D5DA3A100B5502F /* Debug */,
				09E648892D5DA3A100B5502F /* Release */,
			);
			defaultConfigurationIsVisible = 0;
			defaultConfigurationName = Release;
		};
		09E6488A2D5DA3A100B5502F /* Build configuration list for PBXNativeTarget "MoodNote" */ = {
			isa = XCConfigurationList;
			buildConfigurations = (
				09E6488B2D5DA3A100B5502F /* Debug */,
				09E6488C2D5DA3A100B5502F /* Release */,
			);
			defaultConfigurationIsVisible = 0;
			defaultConfigurationName = Release;
		};
		09E6488D2D5DA3A100B5502F /* Build configuration list for PBXNativeTarget "MoodNoteTests" */ = {
			isa = XCConfigurationList;
			buildConfigurations = (
				09E6488E2D5DA3A100B5502F /* Debug */,
				09E6488F2D5DA3A100B5502F /* Release */,
			);
			defaultConfigurationIsVisible = 0;
			defaultConfigurationName = Release;
		};
		09E648902D5DA3A100B5502F /* Build configuration list for PBXNativeTarget "MoodNoteUITests" */ = {
			isa = XCConfigurationList;
			buildConfigurations = (
				09E648912D5DA3A100B5502F /* Debug */,
				09E648922D5DA3A100B5502F /* Release */,
			);
			defaultConfigurationIsVisible = 0;
			defaultConfigurationName = Release;
		};
/* End XCConfigurationList section */
	};
	rootObject = 09E6485E2D5DA3A000B5502F /* Project object */;
}
